
Microsoft Visual Studio Solution File, Format Version 12.00
# Visual Studio 15
VisualStudioVersion = 15.0.28307.1500
MinimumVisualStudioVersion = 10.0.40219.1
Project("{FAE04EC0-301F-11D3-BF4B-00C04F79EFBC}") = "Course_Exer_OO_Const_Sob_Encaps", "Course_Exer_OO_Const_Sob_Encaps\Course_Exer_OO_Const_Sob_Encaps.csproj", "{54E74CC9-252A-4175-B9B1-1AD33A68FDF1}"
EndProject
Global
	GlobalSection(SolutionConfigurationPlatforms) = preSolution
		Debug|Any CPU = Debug|Any CPU
		Release|Any CPU = Release|Any CPU
	EndGlobalSection
	GlobalSection(ProjectConfigurationPlatforms) = postSolution
		{54E74CC9-252A-4175-B9B1-1AD33A68FDF1}.Debug|Any CPU.ActiveCfg = Debug|Any CPU
		{54E74CC9-252A-4175-B9B1-1AD33A68FDF1}.Debug|Any CPU.Build.0 = Debug|Any CPU
		{54E74CC9-252A-4175-B9B1-1AD33A68FDF1}.Release|Any CPU.ActiveCfg = Release|Any CPU
		{54E74CC9-252A-4175-B9B1-1AD33A68FDF1}.Release|Any CPU.Build.0 = Release|Any CPU
	EndGlobalSection
	GlobalSection(SolutionProperties) = preSolution
		HideSolutionNode = FALSE
	EndGlobalSection
	GlobalSection(ExtensibilityGlobals) = postSolution
		SolutionGuid = {E8500934-F1AB-4980-A5DB-96240B21BFB1}
	EndGlobalSection
EndGlobal
